
Microsoft Visual Studio Solution File, Format Version 12.00
# Visual Studio Version 17
VisualStudioVersion = 17.12.35209.166
MinimumVisualStudioVersion = 10.0.40219.1
Project("{FAE04EC0-301F-11D3-BF4B-00C04F79EFBC}") = "MPOS", "MPOS\MPOS.csproj", "{E4138AEA-CA19-4B95-A4BC-3CFE3AD52D05}"
EndProject
Project("{FAE04EC0-301F-11D3-BF4B-00C04F79EFBC}") = "AdapterExport", "AdapterExport\AdapterExport.csproj", "{959A374D-323A-42AF-9054-DE6043CE9C0E}"
EndProject
Global
	GlobalSection(SolutionConfigurationPlatforms) = preSolution
		Debug|Any CPU = Debug|Any CPU
		Release|Any CPU = Release|Any CPU
	EndGlobalSection
	GlobalSection(ProjectConfigurationPlatforms) = postSolution
		{E4138AEA-CA19-4B95-A4BC-3CFE3AD52D05}.Debug|Any CPU.ActiveCfg = Debug|Any CPU
		{E4138AEA-CA19-4B95-A4BC-3CFE3AD52D05}.Debug|Any CPU.Build.0 = Debug|Any CPU
		{E4138AEA-CA19-4B95-A4BC-3CFE3AD52D05}.Release|Any CPU.ActiveCfg = Release|Any CPU
		{E4138AEA-CA19-4B95-A4BC-3CFE3AD52D05}.Release|Any CPU.Build.0 = Release|Any CPU
		{959A374D-323A-42AF-9054-DE6043CE9C0E}.Debug|Any CPU.ActiveCfg = Debug|Any CPU
		{959A374D-323A-42AF-9054-DE6043CE9C0E}.Debug|Any CPU.Build.0 = Debug|Any CPU
		{959A374D-323A-42AF-9054-DE6043CE9C0E}.Release|Any CPU.ActiveCfg = Release|Any CPU
		{959A374D-323A-42AF-9054-DE6043CE9C0E}.Release|Any CPU.Build.0 = Release|Any CPU
	EndGlobalSection
	GlobalSection(SolutionProperties) = preSolution
		HideSolutionNode = FALSE
	EndGlobalSection
	GlobalSection(ExtensibilityGlobals) = postSolution
		SolutionGuid = {2F6C0895-B007-441E-B751-6B40BE548EC3}
	EndGlobalSection
EndGlobal
